
Microsoft Visual Studio Solution File, Format Version 12.00
# Visual Studio 2013
VisualStudioVersion = 12.0.30501.0
MinimumVisualStudioVersion = 10.0.40219.1
Project("{FAE04EC0-301F-11D3-BF4B-00C04F79EFBC}") = "pathfinding", "pathfinding\pathfinding\pathfinding.csproj", "{42A091D8-4B78-4565-A1EE-CCC1CC8137EC}"
EndProject
Project("{96E2B04D-8817-42C6-938A-82C39BA4D311}") = "pathfindingContent", "pathfinding\pathfindingContent\pathfindingContent.contentproj", "{2FFAC96B-42AC-4117-A432-6DF8A1FB0628}"
EndProject
Global
	GlobalSection(SolutionConfigurationPlatforms) = preSolution
		Debug|x86 = Debug|x86
		Release|x86 = Release|x86
	EndGlobalSection
	GlobalSection(ProjectConfigurationPlatforms) = postSolution
		{42A091D8-4B78-4565-A1EE-CCC1CC8137EC}.Debug|x86.ActiveCfg = Debug|x86
		{42A091D8-4B78-4565-A1EE-CCC1CC8137EC}.Debug|x86.Build.0 = Debug|x86
		{42A091D8-4B78-4565-A1EE-CCC1CC8137EC}.Release|x86.ActiveCfg = Release|x86
		{42A091D8-4B78-4565-A1EE-CCC1CC8137EC}.Release|x86.Build.0 = Release|x86
		{2FFAC96B-42AC-4117-A432-6DF8A1FB0628}.Debug|x86.ActiveCfg = Debug|x86
		{2FFAC96B-42AC-4117-A432-6DF8A1FB0628}.Release|x86.ActiveCfg = Release|x86
	EndGlobalSection
	GlobalSection(SolutionProperties) = preSolution
		HideSolutionNode = FALSE
	EndGlobalSection
EndGlobal
